
Microsoft Visual Studio Solution File, Format Version 12.00
# Visual Studio Version 17
VisualStudioVersion = 17.4.33213.308
MinimumVisualStudioVersion = 10.0.40219.1
Project("{FAE04EC0-301F-11D3-BF4B-00C04F79EFBC}") = "cw4 π4", "cw4 π4\cw4 π4.csproj", "{7AB9A2B8-CFB0-422B-93AE-E6CEC11670D1}"
EndProject
Global
	GlobalSection(SolutionConfigurationPlatforms) = preSolution
		Debug|Any CPU = Debug|Any CPU
		Release|Any CPU = Release|Any CPU
	EndGlobalSection
	GlobalSection(ProjectConfigurationPlatforms) = postSolution
		{7AB9A2B8-CFB0-422B-93AE-E6CEC11670D1}.Debug|Any CPU.ActiveCfg = Debug|Any CPU
		{7AB9A2B8-CFB0-422B-93AE-E6CEC11670D1}.Debug|Any CPU.Build.0 = Debug|Any CPU
		{7AB9A2B8-CFB0-422B-93AE-E6CEC11670D1}.Release|Any CPU.ActiveCfg = Release|Any CPU
		{7AB9A2B8-CFB0-422B-93AE-E6CEC11670D1}.Release|Any CPU.Build.0 = Release|Any CPU
	EndGlobalSection
	GlobalSection(SolutionProperties) = preSolution
		HideSolutionNode = FALSE
	EndGlobalSection
	GlobalSection(ExtensibilityGlobals) = postSolution
		SolutionGuid = {207E1ECB-4FBC-43B2-842A-44867A9D74D4}
	EndGlobalSection
EndGlobal
