
Microsoft Visual Studio Solution File, Format Version 12.00
# Visual Studio Version 17
VisualStudioVersion = 17.4.33213.308
MinimumVisualStudioVersion = 10.0.40219.1
Project("{FAE04EC0-301F-11D3-BF4B-00C04F79EFBC}") = "cw4", "cw4\cw4.csproj", "{8FA5FDE4-4695-4B0B-937C-91AF2F8DE014}"
EndProject
Global
	GlobalSection(SolutionConfigurationPlatforms) = preSolution
		Debug|Any CPU = Debug|Any CPU
		Release|Any CPU = Release|Any CPU
	EndGlobalSection
	GlobalSection(ProjectConfigurationPlatforms) = postSolution
		{8FA5FDE4-4695-4B0B-937C-91AF2F8DE014}.Debug|Any CPU.ActiveCfg = Debug|Any CPU
		{8FA5FDE4-4695-4B0B-937C-91AF2F8DE014}.Debug|Any CPU.Build.0 = Debug|Any CPU
		{8FA5FDE4-4695-4B0B-937C-91AF2F8DE014}.Release|Any CPU.ActiveCfg = Release|Any CPU
		{8FA5FDE4-4695-4B0B-937C-91AF2F8DE014}.Release|Any CPU.Build.0 = Release|Any CPU
	EndGlobalSection
	GlobalSection(SolutionProperties) = preSolution
		HideSolutionNode = FALSE
	EndGlobalSection
	GlobalSection(ExtensibilityGlobals) = postSolution
		SolutionGuid = {8236BC18-142D-49A2-92D8-2293AC91DC4A}
	EndGlobalSection
EndGlobal
